
Microsoft Visual Studio Solution File, Format Version 12.00
# Visual Studio Version 16
VisualStudioVersion = 16.0.28917.181
MinimumVisualStudioVersion = 10.0.40219.1
Project("{FAE04EC0-301F-11D3-BF4B-00C04F79EFBC}") = "CharCount", "CharCount\CharCount.csproj", "{11DDA8A0-7FAD-4248-9420-A4039830A7BA}"
EndProject
Global
	GlobalSection(SolutionConfigurationPlatforms) = preSolution
		Debug|Any CPU = Debug|Any CPU
		Release|Any CPU = Release|Any CPU
	EndGlobalSection
	GlobalSection(ProjectConfigurationPlatforms) = postSolution
		{11DDA8A0-7FAD-4248-9420-A4039830A7BA}.Debug|Any CPU.ActiveCfg = Debug|Any CPU
		{11DDA8A0-7FAD-4248-9420-A4039830A7BA}.Debug|Any CPU.Build.0 = Debug|Any CPU
		{11DDA8A0-7FAD-4248-9420-A4039830A7BA}.Release|Any CPU.ActiveCfg = Release|Any CPU
		{11DDA8A0-7FAD-4248-9420-A4039830A7BA}.Release|Any CPU.Build.0 = Release|Any CPU
	EndGlobalSection
	GlobalSection(SolutionProperties) = preSolution
		HideSolutionNode = FALSE
	EndGlobalSection
	GlobalSection(ExtensibilityGlobals) = postSolution
		SolutionGuid = {EFF7373D-0EE1-479B-9125-308686C5DCA2}
	EndGlobalSection
EndGlobal
