
Microsoft Visual Studio Solution File, Format Version 12.00
# Visual Studio Version 16
VisualStudioVersion = 16.0.28922.388
MinimumVisualStudioVersion = 10.0.40219.1
Project("{9A19103F-16F7-4668-BE54-9A1E7A4F7556}") = "angular-scratch", "angular-scratch.csproj", "{807E4F28-3AEC-4E37-872B-AFC777AEE695}"
EndProject
Global
	GlobalSection(SolutionConfigurationPlatforms) = preSolution
		Debug|Any CPU = Debug|Any CPU
		Release|Any CPU = Release|Any CPU
	EndGlobalSection
	GlobalSection(ProjectConfigurationPlatforms) = postSolution
		{807E4F28-3AEC-4E37-872B-AFC777AEE695}.Debug|Any CPU.ActiveCfg = Debug|Any CPU
		{807E4F28-3AEC-4E37-872B-AFC777AEE695}.Debug|Any CPU.Build.0 = Debug|Any CPU
		{807E4F28-3AEC-4E37-872B-AFC777AEE695}.Release|Any CPU.ActiveCfg = Release|Any CPU
		{807E4F28-3AEC-4E37-872B-AFC777AEE695}.Release|Any CPU.Build.0 = Release|Any CPU
	EndGlobalSection
	GlobalSection(SolutionProperties) = preSolution
		HideSolutionNode = FALSE
	EndGlobalSection
	GlobalSection(ExtensibilityGlobals) = postSolution
		SolutionGuid = {4224D778-229B-435F-B16E-9493E9AECD30}
	EndGlobalSection
EndGlobal
